github.com/oneliang/util-golang/base v0.0.0-20240613093848-6e4c7d25147e h1:1BO3TXhmwDrfMY+ntGrSNM/bh4B6TbzRWWWkDjMc2ts=
github.com/oneliang/util-golang/base v0.0.0-20240613093848-6e4c7d25147e/go.mod h1:XLT7vKbe9x3sLgofi9GlJI11YT9ZzOdvZBZiai6c/W4=
github.com/oneliang/util-golang/base v0.0.0-20251227014503-bb3c33d44f32 h1:qoCMMC6w+h3R6V0BQw3jrOu31F0Srv/fQ8KHDeYllG4=
github.com/oneliang/util-golang/base v0.0.0-20251227014503-bb3c33d44f32/go.mod h1:XLT7vKbe9x3sLgofi9GlJI11YT9ZzOdvZBZiai6c/W4=
github.com/oneliang/util-golang/base v0.0.0-20251227114245-24be71ceaec1 h1:U/PBrvIt3QsjTeY9OyblGDbBwkSUbxkIB8OmkTGvZZs=
github.com/oneliang/util-golang/base v0.0.0-20251227114245-24be71ceaec1/go.mod h1:XLT7vKbe9x3sLgofi9GlJI11YT9ZzOdvZBZiai6c/W4=
github.com/oneliang/util-golang/common v0.0.0-20240613093848-6e4c7d25147e h1:oaXG0Q9jt5yqAMO9rMSoUIyUZKfBqdadJLNssW8ztBY=
github.com/oneliang/util-golang/common v0.0.0-20240613093848-6e4c7d25147e/go.mod h1:ek/ts7sJINi1eRGxyoXnoleZjCg0Ah0gPXU2U4sotcA=
github.com/oneliang/util-golang/common v0.0.0-20251227014503-bb3c33d44f32 h1:Jizu0KwPeEJp67hioattSQlcqKQb/hck9HHo6MY7hvI=
github.com/oneliang/util-golang/common v0.0.0-20251227014503-bb3c33d44f32/go.mod h1:ek/ts7sJINi1eRGxyoXnoleZjCg0Ah0gPXU2U4sotcA=
github.com/oneliang/util-golang/common v0.0.0-20251227114245-24be71ceaec1 h1:BfD/vTRoeX2evjEDfuVk+S0yYsa5+A42K+Lbhoeotb4=
github.com/oneliang/util-golang/common v0.0.0-20251227114245-24be71ceaec1/go.mod h1:ek/ts7sJINi1eRGxyoXnoleZjCg0Ah0gPXU2U4sotcA=
github.com/oneliang/util-golang/concurrent v0.0.0-20251227014503-bb3c33d44f32 h1:q5TqDQaxvIzGVXIMmA3TkDvv7LOC5KW30N5TajkjXNk=
github.com/oneliang/util-golang/concurrent v0.0.0-20251227014503-bb3c33d44f32/go.mod h1:3Gidu9OeMe6sTxsaXoONUkigV5myqX2GsEZlCnx2MEA=
github.com/oneliang/util-golang/constants v0.0.0-20240613093848-6e4c7d25147e h1:FUHzHyOeFaOS588J8eOqaVgsMlz47bkhEYSGm8x7Z1I=
github.com/oneliang/util-golang/constants v0.0.0-20240613093848-6e4c7d25147e/go.mod h1:IOW6dE1rurRnycJKY7IJYuCOAk5yrZ2m2aFqaCW08b8=
github.com/oneliang/util-golang/constants v0.0.0-20251227014503-bb3c33d44f32 h1:IVjzP339i2hTlGJx9R2OhsKIv2eA1FWrT5LPwcyfdpY=
github.com/oneliang/util-golang/constants v0.0.0-20251227014503-bb3c33d44f32/go.mod h1:IOW6dE1rurRnycJKY7IJYuCOAk5yrZ2m2aFqaCW08b8=
github.com/oneliang/util-golang/constants v0.0.0-20251227114245-24be71ceaec1 h1:HzomGIhANsmc55v0hoO+MItbQNLBUEVw/5tib/5XwMs=
github.com/oneliang/util-golang/constants v0.0.0-20251227114245-24be71ceaec1/go.mod h1:IOW6dE1rurRnycJKY7IJYuCOAk5yrZ2m2aFqaCW08b8=
github.com/oneliang/util-golang/goroutine v0.0.0-20251227014503-bb3c33d44f32 h1:XPVnMGxBJKL0rT8rke4t8gkoWeAq6ssXiOBTbdciwXE=
github.com/oneliang/util-golang/goroutine v0.0.0-20251227014503-bb3c33d44f32/go.mod h1:uc6Ix7pi2D18Z2Di8xteh41oma4PRwERiZzif93A3CE=
github.com/oneliang/util-golang/goroutine v0.0.0-20251227114245-24be71ceaec1 h1:2DMOQYJkMhKe2j9RSW11KWRmp63o3XOkhbYR1e8xA1c=
github.com/oneliang/util-golang/goroutine v0.0.0-20251227114245-24be71ceaec1/go.mod h1:uc6Ix7pi2D18Z2Di8xteh41oma4PRwERiZzif93A3CE=
github.com/oneliang/util-golang/logging v0.0.0-20251227014503-bb3c33d44f32 h1:e3G4EujM2DbgmDFnDJVQ6hB56VxAIQkhQGShYQNQWIs=
github.com/oneliang/util-golang/logging v0.0.0-20251227014503-bb3c33d44f32/go.mod h1:fI4YV+WZkXC+svxzhNAj4fQ1W9b0lKMolpl8fDjws2k=
golang.org/x/sync v0.19.0 h1:vV+1eWNmZ5geRlYjzm2adRgW2/mcpevXNg50YZtPCE4=
golang.org/x/sync v0.19.0/go.mod h1:9KTHXmSnoGruLpwFjVSX0lNNA75CykiMECbovNTZqGI=
