filippo.io/edwards25519 v1.1.0/go.mod h1:BxyFTGdWcka3PhytdK4V28tE5sGfRvvvRV7EaN4VDT4=
github.com/go-sql-driver/mysql v1.8.1/go.mod h1:wEBSXgmK//2ZFJyE+qWnIsVGmvmEKlqwuVSjsCm7DZg=
github.com/jmoiron/sqlx v1.4.0/go.mod h1:ZrZ7UsYB/weZdl2Bxg6jCRO9c3YHl8r3ahlKmRT4JLY=
github.com/lib/pq v1.10.9/go.mod h1:AlVN5x4E4T544tWzH6hKfbfQvm3HdbOxrmggDNAPY9o=
github.com/mattn/go-sqlite3 v1.14.22/go.mod h1:Uh1q+B4BYcTPb+yiD3kU8Ct7aC0hY9fxUwlHK0RXw+Y=
github.com/oneliang/util-golang/base v0.0.0-20241218054501-34db8a98816d/go.mod h1:XLT7vKbe9x3sLgofi9GlJI11YT9ZzOdvZBZiai6c/W4=
github.com/oneliang/util-golang/base v0.0.0-20241219082934-f3277cf5ef52 h1:Q9wPqzKn355l/F2ekKmSTsZenospsMTAB/Kubzw2emI=
github.com/oneliang/util-golang/base v0.0.0-20241219082934-f3277cf5ef52/go.mod h1:XLT7vKbe9x3sLgofi9GlJI11YT9ZzOdvZBZiai6c/W4=
github.com/oneliang/util-golang/base v0.0.0-20241221071030-6c75b7de456d h1:P0URG0y9c+nVBVmJOpPGDafXAuEeH2OrmU1EujwSuJQ=
github.com/oneliang/util-golang/base v0.0.0-20241221071030-6c75b7de456d/go.mod h1:XLT7vKbe9x3sLgofi9GlJI11YT9ZzOdvZBZiai6c/W4=
github.com/oneliang/util-golang/base v0.0.0-20241225020309-e6b6f7b3e622 h1:eqorDA/hoHMmaX4rA4MTJQCntodtMCEkRQcgS2878pg=
github.com/oneliang/util-golang/base v0.0.0-20241225020309-e6b6f7b3e622/go.mod h1:XLT7vKbe9x3sLgofi9GlJI11YT9ZzOdvZBZiai6c/W4=
github.com/oneliang/util-golang/base v0.0.0-20241225064558-fc21cbf19b43 h1:1JdniXZIrko5Ch/HoIcst4tqys9sPB0T4ISpAbx58OA=
github.com/oneliang/util-golang/base v0.0.0-20241225064558-fc21cbf19b43/go.mod h1:XLT7vKbe9x3sLgofi9GlJI11YT9ZzOdvZBZiai6c/W4=
github.com/oneliang/util-golang/base v0.0.0-20241225070847-6a3573f63dc5 h1:TvgG26AgaHBqdNv/SUbA5N5zS40nfOd6kgFM7Lde8c8=
github.com/oneliang/util-golang/base v0.0.0-20241225070847-6a3573f63dc5/go.mod h1:XLT7vKbe9x3sLgofi9GlJI11YT9ZzOdvZBZiai6c/W4=
github.com/oneliang/util-golang/base v0.0.0-20241226065219-db63644ac865 h1:MAff2FKSrzOQF0wDpeFlN9mGq2eGXSLDUiFZcmzEwi4=
github.com/oneliang/util-golang/base v0.0.0-20241226065219-db63644ac865/go.mod h1:XLT7vKbe9x3sLgofi9GlJI11YT9ZzOdvZBZiai6c/W4=
github.com/oneliang/util-golang/base v0.0.0-20250107091240-ffda63863297 h1:fNJXB5Gc88PnQ0yjl1CzCa9kXv3DUw8B1FEfD30CiBk=
github.com/oneliang/util-golang/base v0.0.0-20250107091240-ffda63863297/go.mod h1:XLT7vKbe9x3sLgofi9GlJI11YT9ZzOdvZBZiai6c/W4=
github.com/oneliang/util-golang/common v0.0.0-20241218054501-34db8a98816d/go.mod h1:ek/ts7sJINi1eRGxyoXnoleZjCg0Ah0gPXU2U4sotcA=
github.com/oneliang/util-golang/common v0.0.0-20241219082934-f3277cf5ef52 h1:yZfVrn4/r3bPXwqUOkmupYw+sOYJHdyxvoXlpHVtJdw=
github.com/oneliang/util-golang/common v0.0.0-20241219082934-f3277cf5ef52/go.mod h1:ek/ts7sJINi1eRGxyoXnoleZjCg0Ah0gPXU2U4sotcA=
github.com/oneliang/util-golang/common v0.0.0-20241221071030-6c75b7de456d h1:aJAgSYUgOOcFAMEzovsJzet49phpneoeR5DoWvsB0z0=
github.com/oneliang/util-golang/common v0.0.0-20241221071030-6c75b7de456d/go.mod h1:ek/ts7sJINi1eRGxyoXnoleZjCg0Ah0gPXU2U4sotcA=
github.com/oneliang/util-golang/common v0.0.0-20241225020309-e6b6f7b3e622 h1:nFw95J0Luwm98Rpi7RcqvLETlCqaDSgTKJx6rXKuUDs=
github.com/oneliang/util-golang/common v0.0.0-20241225020309-e6b6f7b3e622/go.mod h1:ek/ts7sJINi1eRGxyoXnoleZjCg0Ah0gPXU2U4sotcA=
github.com/oneliang/util-golang/common v0.0.0-20241225064558-fc21cbf19b43 h1:yz3u8HNSRpxNLeixt9xsPhQCs7t4eHdAnYPrRMPuafM=
github.com/oneliang/util-golang/common v0.0.0-20241225064558-fc21cbf19b43/go.mod h1:ek/ts7sJINi1eRGxyoXnoleZjCg0Ah0gPXU2U4sotcA=
github.com/oneliang/util-golang/common v0.0.0-20241225070847-6a3573f63dc5 h1:4TyulZcI4pirzu8wlLsWZTHu4Rfg6xmcRYKXftZFJ/4=
github.com/oneliang/util-golang/common v0.0.0-20241225070847-6a3573f63dc5/go.mod h1:ek/ts7sJINi1eRGxyoXnoleZjCg0Ah0gPXU2U4sotcA=
github.com/oneliang/util-golang/common v0.0.0-20241226065219-db63644ac865 h1:byfWEOjWwCb3kgaB32dIF4eA/lGKT+m1l+kY7JL2/TU=
github.com/oneliang/util-golang/common v0.0.0-20241226065219-db63644ac865/go.mod h1:ek/ts7sJINi1eRGxyoXnoleZjCg0Ah0gPXU2U4sotcA=
github.com/oneliang/util-golang/common v0.0.0-20250107091240-ffda63863297 h1:LgOxE0Gh554YJsn2saOv+5wWmBQHUWfZ9dIBR4584BA=
github.com/oneliang/util-golang/common v0.0.0-20250107091240-ffda63863297/go.mod h1:ek/ts7sJINi1eRGxyoXnoleZjCg0Ah0gPXU2U4sotcA=
github.com/oneliang/util-golang/constants v0.0.0-20241219082934-f3277cf5ef52 h1:EKG7GqugSFWZEPB7i9zjBzK8vwa7VaXg3RT/dcNezLk=
github.com/oneliang/util-golang/constants v0.0.0-20241219082934-f3277cf5ef52/go.mod h1:IOW6dE1rurRnycJKY7IJYuCOAk5yrZ2m2aFqaCW08b8=
github.com/oneliang/util-golang/constants v0.0.0-20241221071030-6c75b7de456d h1:QZy3+Sw+Vvv+SNsHHLw3jdHEeVwNdahNKZOARirAWsQ=
github.com/oneliang/util-golang/constants v0.0.0-20241221071030-6c75b7de456d/go.mod h1:IOW6dE1rurRnycJKY7IJYuCOAk5yrZ2m2aFqaCW08b8=
github.com/oneliang/util-golang/constants v0.0.0-20241225020309-e6b6f7b3e622 h1:rxGl69BHfue6qLwDaQlfXPeEMXAQgOwrS4d0JqZV9iA=
github.com/oneliang/util-golang/constants v0.0.0-20241225020309-e6b6f7b3e622/go.mod h1:IOW6dE1rurRnycJKY7IJYuCOAk5yrZ2m2aFqaCW08b8=
github.com/oneliang/util-golang/constants v0.0.0-20241225064558-fc21cbf19b43 h1:Qty3i5u7k+0vOjAntE4Mp4cTz9Wov2QxUxA/ylnG2mI=
github.com/oneliang/util-golang/constants v0.0.0-20241225064558-fc21cbf19b43/go.mod h1:IOW6dE1rurRnycJKY7IJYuCOAk5yrZ2m2aFqaCW08b8=
github.com/oneliang/util-golang/constants v0.0.0-20241225070847-6a3573f63dc5 h1:As4YKuL4XMnujlkgI2CXAk63XHIvpXMzojxXbwy3PpQ=
github.com/oneliang/util-golang/constants v0.0.0-20241225070847-6a3573f63dc5/go.mod h1:IOW6dE1rurRnycJKY7IJYuCOAk5yrZ2m2aFqaCW08b8=
github.com/oneliang/util-golang/constants v0.0.0-20241226065219-db63644ac865 h1:/8x7fQbQInL3QSJG93d5NpuI/Y54SLCr93INfHNfTEQ=
github.com/oneliang/util-golang/constants v0.0.0-20241226065219-db63644ac865/go.mod h1:IOW6dE1rurRnycJKY7IJYuCOAk5yrZ2m2aFqaCW08b8=
github.com/oneliang/util-golang/constants v0.0.0-20250107091240-ffda63863297 h1:KlTv4k32thGj765wSCUxU2EFWhckMYK6P7sjlZ2huFA=
github.com/oneliang/util-golang/constants v0.0.0-20250107091240-ffda63863297/go.mod h1:IOW6dE1rurRnycJKY7IJYuCOAk5yrZ2m2aFqaCW08b8=
github.com/oneliang/util-golang/logging v0.0.0-20241218054501-34db8a98816d/go.mod h1:fI4YV+WZkXC+svxzhNAj4fQ1W9b0lKMolpl8fDjws2k=
github.com/shopsprint/decimal v1.3.3/go.mod h1:FcMxSBw8arQIUy0eJ9l2nezV2k2ZL0vGemPHfcKl4n8=
